// !$*UTF8*$!
{
	archiveVersion = 1;
	classes = {
	};
	objectVersion = 56;
	objects = {

/* Begin PBXBuildFile section */
		01134EDC2C29D00400C9F06D /* AppDelegate.swift in Sources */ = {isa = PBXBuildFile; fileRef = 01134EDB2C29D00400C9F06D /* AppDelegate.swift */; };
		01134EDE2C29D00400C9F06D /* SceneDelegate.swift in Sources */ = {isa = PBXBuildFile; fileRef = 01134EDD2C29D00400C9F06D /* SceneDelegate.swift */; };
		01134EE02C29D00400C9F06D /* CalculatorViewController.swift in Sources */ = {isa = PBXBuildFile; fileRef = 01134EDF2C29D00400C9F06D /* CalculatorViewController.swift */; };
		01134EE52C29D00500C9F06D /* Assets.xcassets in Resources */ = {isa = PBXBuildFile; fileRef = 01134EE42C29D00500C9F06D /* Assets.xcassets */; };
		01134EE82C29D00500C9F06D /* Base in Resources */ = {isa = PBXBuildFile; fileRef = 01134EE72C29D00500C9F06D /* Base */; };
		01134EF32C29D00500C9F06D /* CalculatorTests.swift in Sources */ = {isa = PBXBuildFile; fileRef = 01134EF22C29D00500C9F06D /* CalculatorTests.swift */; };
		01134EFD2C29D00500C9F06D /* CalculatorUITests.swift in Sources */ = {isa = PBXBuildFile; fileRef = 01134EFC2C29D00500C9F06D /* CalculatorUITests.swift */; };
		01134EFF2C29D00500C9F06D /* CalculatorUITestsLaunchTests.swift in Sources */ = {isa = PBXBuildFile; fileRef = 01134EFE2C29D00500C9F06D /* CalculatorUITestsLaunchTests.swift */; };
		01134F0E2C29E30A00C9F06D /* DisplayView.swift in Sources */ = {isa = PBXBuildFile; fileRef = 01134F0D2C29E30A00C9F06D /* DisplayView.swift */; };
		01134F112C29EABE00C9F06D /* NumpadView.swift in Sources */ = {isa = PBXBuildFile; fileRef = 01134F102C29EABE00C9F06D /* NumpadView.swift */; };
		01134F132C29EDB700C9F06D /* CalculatorButton.swift in Sources */ = {isa = PBXBuildFile; fileRef = 01134F122C29EDB700C9F06D /* CalculatorButton.swift */; };
		01134F152C2A0A5600C9F06D /* Theme.swift in Sources */ = {isa = PBXBuildFile; fileRef = 01134F142C2A0A5600C9F06D /* Theme.swift */; };
		01134F172C2A0ADA00C9F06D /* UIColor + Extensions.swift in Sources */ = {isa = PBXBuildFile; fileRef = 01134F162C2A0ADA00C9F06D /* UIColor + Extensions.swift */; };
		01134F1A2C2A20CD00C9F06D /* GlobalErrors.swift in Sources */ = {isa = PBXBuildFile; fileRef = 01134F192C2A20CD00C9F06D /* GlobalErrors.swift */; };
		01134F1D2C2A29FC00C9F06D /* CalculatorViewModel.swift in Sources */ = {isa = PBXBuildFile; fileRef = 01134F1C2C2A29FC00C9F06D /* CalculatorViewModel.swift */; };
		01134F1F2C2A2A1E00C9F06D /* OperationType.swift in Sources */ = {isa = PBXBuildFile; fileRef = 01134F1E2C2A2A1E00C9F06D /* OperationType.swift */; };
		01134F212C2A2A8000C9F06D /* InputType.swift in Sources */ = {isa = PBXBuildFile; fileRef = 01134F202C2A2A8000C9F06D /* InputType.swift */; };
/* End PBXBuildFile section */

/* Begin PBXContainerItemProxy section */
		01134EEF2C29D00500C9F06D /* PBXContainerItemProxy */ = {
			isa = PBXContainerItemProxy;
			containerPortal = 01134ED02C29D00400C9F06D /* Project object */;
			proxyType = 1;
			remoteGlobalIDString = 01134ED72C29D00400C9F06D;
			remoteInfo = Calculator;
		};
		01134EF92C29D00500C9F06D /* PBXContainerItemProxy */ = {
			isa = PBXContainerItemProxy;
			containerPortal = 01134ED02C29D00400C9F06D /* Project object */;
			proxyType = 1;
			remoteGlobalIDString = 01134ED72C29D00400C9F06D;
			remoteInfo = Calculator;
		};
/* End PBXContainerItemProxy section */

/* Begin PBXFileReference section */
		01134ED82C29D00400C9F06D /* Calculator.app */ = {isa = PBXFileReference; explicitFileType = wrapper.application; includeInIndex = 0; path = Calculator.app; sourceTree = BUILT_PRODUCTS_DIR; };
		01134EDB2C29D00400C9F06D /* AppDelegate.swift */ = {isa = PBXFileReference; lastKnownFileType = sourcecode.swift; path = AppDelegate.swift; sourceTree = "<group>"; };
		01134EDD2C29D00400C9F06D /* SceneDelegate.swift */ = {isa = PBXFileReference; lastKnownFileType = sourcecode.swift; path = SceneDelegate.swift; sourceTree = "<group>"; };
		01134EDF2C29D00400C9F06D /* CalculatorViewController.swift */ = {isa = PBXFileReference; lastKnownFileType = sourcecode.swift; path = CalculatorViewController.swift; sourceTree = "<group>"; };
		01134EE42C29D00500C9F06D /* Assets.xcassets */ = {isa = PBXFileReference; lastKnownFileType = folder.assetcatalog; path = Assets.xcassets; sourceTree = "<group>"; };
		01134EE72C29D00500C9F06D /* Base */ = {isa = PBXFileReference; lastKnownFileType = file.storyboard; name = Base; path = Base.lproj/LaunchScreen.storyboard; sourceTree = "<group>"; };
		01134EE92C29D00500C9F06D /* Info.plist */ = {isa = PBXFileReference; lastKnownFileType = text.plist.xml; path = Info.plist; sourceTree = "<group>"; };
		01134EEE2C29D00500C9F06D /* CalculatorTests.xctest */ = {isa = PBXFileReference; explicitFileType = wrapper.cfbundle; includeInIndex = 0; path = CalculatorTests.xctest; sourceTree = BUILT_PRODUCTS_DIR; };
		01134EF22C29D00500C9F06D /* CalculatorTests.swift */ = {isa = PBXFileReference; lastKnownFileType = sourcecode.swift; path = CalculatorTests.swift; sourceTree = "<group>"; };
		01134EF82C29D00500C9F06D /* CalculatorUITests.xctest */ = {isa = PBXFileReference; explicitFileType = wrapper.cfbundle; includeInIndex = 0; path = CalculatorUITests.xctest; sourceTree = BUILT_PRODUCTS_DIR; };
		01134EFC2C29D00500C9F06D /* CalculatorUITests.swift */ = {isa = PBXFileReference; lastKnownFileType = sourcecode.swift; path = CalculatorUITests.swift; sourceTree = "<group>"; };
		01134EFE2C29D00500C9F06D /* CalculatorUITestsLaunchTests.swift */ = {isa = PBXFileReference; lastKnownFileType = sourcecode.swift; path = CalculatorUITestsLaunchTests.swift; sourceTree = "<group>"; };
		01134F0D2C29E30A00C9F06D /* DisplayView.swift */ = {isa = PBXFileReference; lastKnownFileType = sourcecode.swift; path = DisplayView.swift; sourceTree = "<group>"; };
		01134F102C29EABE00C9F06D /* NumpadView.swift */ = {isa = PBXFileReference; lastKnownFileType = sourcecode.swift; path = NumpadView.swift; sourceTree = "<group>"; };
		01134F122C29EDB700C9F06D /* CalculatorButton.swift */ = {isa = PBXFileReference; lastKnownFileType = sourcecode.swift; path = CalculatorButton.swift; sourceTree = "<group>"; };
		01134F142C2A0A5600C9F06D /* Theme.swift */ = {isa = PBXFileReference; lastKnownFileType = sourcecode.swift; path = Theme.swift; sourceTree = "<group>"; };
		01134F162C2A0ADA00C9F06D /* UIColor + Extensions.swift */ = {isa = PBXFileReference; lastKnownFileType = sourcecode.swift; path = "UIColor + Extensions.swift"; sourceTree = "<group>"; };
		01134F192C2A20CD00C9F06D /* GlobalErrors.swift */ = {isa = PBXFileReference; lastKnownFileType = sourcecode.swift; path = GlobalErrors.swift; sourceTree = "<group>"; };
		01134F1C2C2A29FC00C9F06D /* CalculatorViewModel.swift */ = {isa = PBXFileReference; lastKnownFileType = sourcecode.swift; path = CalculatorViewModel.swift; sourceTree = "<group>"; };
		01134F1E2C2A2A1E00C9F06D /* OperationType.swift */ = {isa = PBXFileReference; lastKnownFileType = sourcecode.swift; path = OperationType.swift; sourceTree = "<group>"; };
		01134F202C2A2A8000C9F06D /* InputType.swift */ = {isa = PBXFileReference; lastKnownFileType = sourcecode.swift; path = InputType.swift; sourceTree = "<group>"; };
/* End PBXFileReference section */

/* Begin PBXFrameworksBuildPhase section */
		01134ED52C29D00400C9F06D /* Frameworks */ = {
			isa = PBXFrameworksBuildPhase;
			buildActionMask = 2147483647;
			files = (
			);
			runOnlyForDeploymentPostprocessing = 0;
		};
		01134EEB2C29D00500C9F06D /* Frameworks */ = {
			isa = PBXFrameworksBuildPhase;
			buildActionMask = 2147483647;
			files = (
			);
			runOnlyForDeploymentPostprocessing = 0;
		};
		01134EF52C29D00500C9F06D /* Frameworks */ = {
			isa = PBXFrameworksBuildPhase;
			buildActionMask = 2147483647;
			files = (
			);
			runOnlyForDeploymentPostprocessing = 0;
		};
/* End PBXFrameworksBuildPhase section */

/* Begin PBXGroup section */
		01134ECF2C29D00400C9F06D = {
			isa = PBXGroup;
			children = (
				01134EDA2C29D00400C9F06D /* Calculator */,
				01134EF12C29D00500C9F06D /* CalculatorTests */,
				01134EFB2C29D00500C9F06D /* CalculatorUITests */,
				01134ED92C29D00400C9F06D /* Products */,
			);
			sourceTree = "<group>";
		};
		01134ED92C29D00400C9F06D /* Products */ = {
			isa = PBXGroup;
			children = (
				01134ED82C29D00400C9F06D /* Calculator.app */,
				01134EEE2C29D00500C9F06D /* CalculatorTests.xctest */,
				01134EF82C29D00500C9F06D /* CalculatorUITests.xctest */,
			);
			name = Products;
			sourceTree = "<group>";
		};
		01134EDA2C29D00400C9F06D /* Calculator */ = {
			isa = PBXGroup;
			children = (
				01134F0F2C29E4E600C9F06D /* Extensions */,
				01134F0B2C29E2B800C9F06D /* Views */,
				01134F0C2C29E2C100C9F06D /* ViewControllers */,
				01134F182C2A20B600C9F06D /* Models */,
				01134F1B2C2A21E900C9F06D /* ViewModels */,
				01134EDD2C29D00400C9F06D /* SceneDelegate.swift */,
				01134EDB2C29D00400C9F06D /* AppDelegate.swift */,
				01134F142C2A0A5600C9F06D /* Theme.swift */,
				01134F192C2A20CD00C9F06D /* GlobalErrors.swift */,
				01134EE42C29D00500C9F06D /* Assets.xcassets */,
				01134EE62C29D00500C9F06D /* LaunchScreen.storyboard */,
				01134EE92C29D00500C9F06D /* Info.plist */,
			);
			path = Calculator;
			sourceTree = "<group>";
		};
		01134EF12C29D00500C9F06D /* CalculatorTests */ = {
			isa = PBXGroup;
			children = (
				01134EF22C29D00500C9F06D /* CalculatorTests.swift */,
			);
			path = CalculatorTests;
			sourceTree = "<group>";
		};
		01134EFB2C29D00500C9F06D /* CalculatorUITests */ = {
			isa = PBXGroup;
			children = (
				01134EFC2C29D00500C9F06D /* CalculatorUITests.swift */,
				01134EFE2C29D00500C9F06D /* CalculatorUITestsLaunchTests.swift */,
			);
			path = CalculatorUITests;
			sourceTree = "<group>";
		};
		01134F0B2C29E2B800C9F06D /* Views */ = {
			isa = PBXGroup;
			children = (
				01134F0D2C29E30A00C9F06D /* DisplayView.swift */,
				01134F102C29EABE00C9F06D /* NumpadView.swift */,
				01134F122C29EDB700C9F06D /* CalculatorButton.swift */,
			);
			path = Views;
			sourceTree = "<group>";
		};
		01134F0C2C29E2C100C9F06D /* ViewControllers */ = {
			isa = PBXGroup;
			children = (
				01134EDF2C29D00400C9F06D /* CalculatorViewController.swift */,
			);
			path = ViewControllers;
			sourceTree = "<group>";
		};
		01134F0F2C29E4E600C9F06D /* Extensions */ = {
			isa = PBXGroup;
			children = (
				01134F162C2A0ADA00C9F06D /* UIColor + Extensions.swift */,
			);
			path = Extensions;
			sourceTree = "<group>";
		};
		01134F182C2A20B600C9F06D /* Models */ = {
			isa = PBXGroup;
			children = (
				01134F1E2C2A2A1E00C9F06D /* OperationType.swift */,
				01134F202C2A2A8000C9F06D /* InputType.swift */,
			);
			path = Models;
			sourceTree = "<group>";
		};
		01134F1B2C2A21E900C9F06D /* ViewModels */ = {
			isa = PBXGroup;
			children = (
				01134F1C2C2A29FC00C9F06D /* CalculatorViewModel.swift */,
			);
			path = ViewModels;
			sourceTree = "<group>";
		};
/* End PBXGroup section */

/* Begin PBXNativeTarget section */
		01134ED72C29D00400C9F06D /* Calculator */ = {
			isa = PBXNativeTarget;
			buildConfigurationList = 01134F022C29D00500C9F06D /* Build configuration list for PBXNativeTarget "Calculator" */;
			buildPhases = (
				01134ED42C29D00400C9F06D /* Sources */,
				01134ED52C29D00400C9F06D /* Frameworks */,
				01134ED62C29D00400C9F06D /* Resources */,
			);
			buildRules = (
			);
			dependencies = (
			);
			name = Calculator;
			productName = Calculator;
			productReference = 01134ED82C29D00400C9F06D /* Calculator.app */;
			productType = "com.apple.product-type.application";
		};
		01134EED2C29D00500C9F06D /* CalculatorTests */ = {
			isa = PBXNativeTarget;
			buildConfigurationList = 01134F052C29D00500C9F06D /* Build configuration list for PBXNativeTarget "CalculatorTests" */;
			buildPhases = (
				01134EEA2C29D00500C9F06D /* Sources */,
				01134EEB2C29D00500C9F06D /* Frameworks */,
				01134EEC2C29D00500C9F06D /* Resources */,
			);
			buildRules = (
			);
			dependencies = (
				01134EF02C29D00500C9F06D /* PBXTargetDependency */,
			);
			name = CalculatorTests;
			productName = CalculatorTests;
			productReference = 01134EEE2C29D00500C9F06D /* CalculatorTests.xctest */;
			productType = "com.apple.product-type.bundle.unit-test";
		};
		01134EF72C29D00500C9F06D /* CalculatorUITests */ = {
			isa = PBXNativeTarget;
			buildConfigurationList = 01134F082C29D00500C9F06D /* Build configuration list for PBXNativeTarget "CalculatorUITests" */;
			buildPhases = (
				01134EF42C29D00500C9F06D /* Sources */,
				01134EF52C29D00500C9F06D /* Frameworks */,
				01134EF62C29D00500C9F06D /* Resources */,
			);
			buildRules = (
			);
			dependencies = (
				01134EFA2C29D00500C9F06D /* PBXTargetDependency */,
			);
			name = CalculatorUITests;
			productName = CalculatorUITests;
			productReference = 01134EF82C29D00500C9F06D /* CalculatorUITests.xctest */;
			productType = "com.apple.product-type.bundle.ui-testing";
		};
/* End PBXNativeTarget section */

/* Begin PBXProject section */
		01134ED02C29D00400C9F06D /* Project object */ = {
			isa = PBXProject;
			attributes = {
				BuildIndependentTargetsInParallel = 1;
				LastSwiftUpdateCheck = 1540;
				LastUpgradeCheck = 1540;
				TargetAttributes = {
					01134ED72C29D00400C9F06D = {
						CreatedOnToolsVersion = 15.4;
					};
					01134EED2C29D00500C9F06D = {
						CreatedOnToolsVersion = 15.4;
						TestTargetID = 01134ED72C29D00400C9F06D;
					};
					01134EF72C29D00500C9F06D = {
						CreatedOnToolsVersion = 15.4;
						TestTargetID = 01134ED72C29D00400C9F06D;
					};
				};
			};
			buildConfigurationList = 01134ED32C29D00400C9F06D /* Build configuration list for PBXProject "Calculator" */;
			compatibilityVersion = "Xcode 14.0";
			developmentRegion = en;
			hasScannedForEncodings = 0;
			knownRegions = (
				en,
				Base,
			);
			mainGroup = 01134ECF2C29D00400C9F06D;
			productRefGroup = 01134ED92C29D00400C9F06D /* Products */;
			projectDirPath = "";
			projectRoot = "";
			targets = (
				01134ED72C29D00400C9F06D /* Calculator */,
				01134EED2C29D00500C9F06D /* CalculatorTests */,
				01134EF72C29D00500C9F06D /* CalculatorUITests */,
			);
		};
/* End PBXProject section */

/* Begin PBXResourcesBuildPhase section */
		01134ED62C29D00400C9F06D /* Resources */ = {
			isa = PBXResourcesBuildPhase;
			buildActionMask = 2147483647;
			files = (
				01134EE52C29D00500C9F06D /* Assets.xcassets in Resources */,
				01134EE82C29D00500C9F06D /* Base in Resources */,
			);
			runOnlyForDeploymentPostprocessing = 0;
		};
		01134EEC2C29D00500C9F06D /* Resources */ = {
			isa = PBXResourcesBuildPhase;
			buildActionMask = 2147483647;
			files = (
			);
			runOnlyForDeploymentPostprocessing = 0;
		};
		01134EF62C29D00500C9F06D /* Resources */ = {
			isa = PBXResourcesBuildPhase;
			buildActionMask = 2147483647;
			files = (
			);
			runOnlyForDeploymentPostprocessing = 0;
		};
/* End PBXResourcesBuildPhase section */

/* Begin PBXSourcesBuildPhase section */
		01134ED42C29D00400C9F06D /* Sources */ = {
			isa = PBXSourcesBuildPhase;
			buildActionMask = 2147483647;
			files = (
				01134F212C2A2A8000C9F06D /* InputType.swift in Sources */,
				01134EE02C29D00400C9F06D /* CalculatorViewController.swift in Sources */,
				01134F1A2C2A20CD00C9F06D /* GlobalErrors.swift in Sources */,
				01134F132C29EDB700C9F06D /* CalculatorButton.swift in Sources */,
				01134F1F2C2A2A1E00C9F06D /* OperationType.swift in Sources */,
				01134F0E2C29E30A00C9F06D /* DisplayView.swift in Sources */,
				01134F1D2C2A29FC00C9F06D /* CalculatorViewModel.swift in Sources */,
				01134F112C29EABE00C9F06D /* NumpadView.swift in Sources */,
				01134EDC2C29D00400C9F06D /* AppDelegate.swift in Sources */,
				01134F172C2A0ADA00C9F06D /* UIColor + Extensions.swift in Sources */,
				01134EDE2C29D00400C9F06D /* SceneDelegate.swift in Sources */,
				01134F152C2A0A5600C9F06D /* Theme.swift in Sources */,
			);
			runOnlyForDeploymentPostprocessing = 0;
		};
		01134EEA2C29D00500C9F06D /* Sources */ = {
			isa = PBXSourcesBuildPhase;
			buildActionMask = 2147483647;
			files = (
				01134EF32C29D00500C9F06D /* CalculatorTests.swift in Sources */,
			);
			runOnlyForDeploymentPostprocessing = 0;
		};
		01134EF42C29D00500C9F06D /* Sources */ = {
			isa = PBXSourcesBuildPhase;
			buildActionMask = 2147483647;
			files = (
				01134EFF2C29D00500C9F06D /* CalculatorUITestsLaunchTests.swift in Sources */,
				01134EFD2C29D00500C9F06D /* CalculatorUITests.swift in Sources */,
			);
			runOnlyForDeploymentPostprocessing = 0;
		};
/* End PBXSourcesBuildPhase section */

/* Begin PBXTargetDependency section */
		01134EF02C29D00500C9F06D /* PBXTargetDependency */ = {
			isa = PBXTargetDependency;
			target = 01134ED72C29D00400C9F06D /* Calculator */;
			targetProxy = 01134EEF2C29D00500C9F06D /* PBXContainerItemProxy */;
		};
		01134EFA2C29D00500C9F06D /* PBXTargetDependency */ = {
			isa = PBXTargetDependency;
			target = 01134ED72C29D00400C9F06D /* Calculator */;
			targetProxy = 01134EF92C29D00500C9F06D /* PBXContainerItemProxy */;
		};
/* End PBXTargetDependency section */

/* Begin PBXVariantGroup section */
		01134EE62C29D00500C9F06D /* LaunchScreen.storyboard */ = {
			isa = PBXVariantGroup;
			children = (
				01134EE72C29D00500C9F06D /* Base */,
			);
			name = LaunchScreen.storyboard;
			sourceTree = "<group>";
		};
/* End PBXVariantGroup section */

/* Begin XCBuildConfiguration section */
		01134F002C29D00500C9F06D /* Debug */ = {
			isa = XCBuildConfiguration;
			buildSettings = {
				ALWAYS_SEARCH_USER_PATHS = NO;
				ASSETCATALOG_COMPILER_GENERATE_SWIFT_ASSET_SYMBOL_EXTENSIONS = YES;
				CLANG_ANALYZER_NONNULL = YES;
				CLANG_ANALYZER_NUMBER_OBJECT_CONVERSION = YES_AGGRESSIVE;
				CLANG_CXX_LANGUAGE_STANDARD = "gnu++20";
				CLANG_ENABLE_MODULES = YES;
				CLANG_ENABLE_OBJC_ARC = YES;
				CLANG_ENABLE_OBJC_WEAK = YES;
				CLANG_WARN_BLOCK_CAPTURE_AUTORELEASING = YES;
				CLANG_WARN_BOOL_CONVERSION = YES;
				CLANG_WARN_COMMA = YES;
				CLANG_WARN_CONSTANT_CONVERSION = YES;
				CLANG_WARN_DEPRECATED_OBJC_IMPLEMENTATIONS = YES;
				CLANG_WARN_DIRECT_OBJC_ISA_USAGE = YES_ERROR;
				CLANG_WARN_DOCUMENTATION_COMMENTS = YES;
				CLANG_WARN_EMPTY_BODY = YES;
				CLANG_WARN_ENUM_CONVERSION = YES;
				CLANG_WARN_INFINITE_RECURSION = YES;
				CLANG_WARN_INT_CONVERSION = YES;
				CLANG_WARN_NON_LITERAL_NULL_CONVERSION = YES;
				CLANG_WARN_OBJC_IMPLICIT_RETAIN_SELF = YES;
				CLANG_WARN_OBJC_LITERAL_CONVERSION = YES;
				CLANG_WARN_OBJC_ROOT_CLASS = YES_ERROR;
				CLANG_WARN_QUOTED_INCLUDE_IN_FRAMEWORK_HEADER = YES;
				CLANG_WARN_RANGE_LOOP_ANALYSIS = YES;
				CLANG_WARN_STRICT_PROTOTYPES = YES;
				CLANG_WARN_SUSPICIOUS_MOVE = YES;
				CLANG_WARN_UNGUARDED_AVAILABILITY = YES_AGGRESSIVE;
				CLANG_WARN_UNREACHABLE_CODE = YES;
				CLANG_WARN__DUPLICATE_METHOD_MATCH = YES;
				COPY_PHASE_STRIP = NO;
				DEBUG_INFORMATION_FORMAT = dwarf;
				ENABLE_STRICT_OBJC_MSGSEND = YES;
				ENABLE_TESTABILITY = YES;
				ENABLE_USER_SCRIPT_SANDBOXING = YES;
				GCC_C_LANGUAGE_STANDARD = gnu17;
				GCC_DYNAMIC_NO_PIC = NO;
				GCC_NO_COMMON_BLOCKS = YES;
				GCC_OPTIMIZATION_LEVEL = 0;
				GCC_PREPROCESSOR_DEFINITIONS = (
					"DEBUG=1",
					"$(inherited)",
				);
				GCC_WARN_64_TO_32_BIT_CONVERSION = YES;
				GCC_WARN_ABOUT_RETURN_TYPE = YES_ERROR;
				GCC_WARN_UNDECLARED_SELECTOR = YES;
				GCC_WARN_UNINITIALIZED_AUTOS = YES_AGGRESSIVE;
				GCC_WARN_UNUSED_FUNCTION = YES;
				GCC_WARN_UNUSED_VARIABLE = YES;
				IPHONEOS_DEPLOYMENT_TARGET = 17.5;
				LOCALIZATION_PREFERS_STRING_CATALOGS = YES;
				MTL_ENABLE_DEBUG_INFO = INCLUDE_SOURCE;
				MTL_FAST_MATH = YES;
				ONLY_ACTIVE_ARCH = YES;
				SDKROOT = iphoneos;
				SWIFT_ACTIVE_COMPILATION_CONDITIONS = "DEBUG $(inherited)";
				SWIFT_OPTIMIZATION_LEVEL = "-Onone";
			};
			name = Debug;
		};
		01134F012C29D00500C9F06D /* Release */ = {
			isa = XCBuildConfiguration;
			buildSettings = {
				ALWAYS_SEARCH_USER_PATHS = NO;
				ASSETCATALOG_COMPILER_GENERATE_SWIFT_ASSET_SYMBOL_EXTENSIONS = YES;
				CLANG_ANALYZER_NONNULL = YES;
				CLANG_ANALYZER_NUMBER_OBJECT_CONVERSION = YES_AGGRESSIVE;
				CLANG_CXX_LANGUAGE_STANDARD = "gnu++20";
				CLANG_ENABLE_MODULES = YES;
				CLANG_ENABLE_OBJC_ARC = YES;
				CLANG_ENABLE_OBJC_WEAK = YES;
				CLANG_WARN_BLOCK_CAPTURE_AUTORELEASING = YES;
				CLANG_WARN_BOOL_CONVERSION = YES;
				CLANG_WARN_COMMA = YES;
				CLANG_WARN_CONSTANT_CONVERSION = YES;
				CLANG_WARN_DEPRECATED_OBJC_IMPLEMENTATIONS = YES;
				CLANG_WARN_DIRECT_OBJC_ISA_USAGE = YES_ERROR;
				CLANG_WARN_DOCUMENTATION_COMMENTS = YES;
				CLANG_WARN_EMPTY_BODY = YES;
				CLANG_WARN_ENUM_CONVERSION = YES;
				CLANG_WARN_INFINITE_RECURSION = YES;
				CLANG_WARN_INT_CONVERSION = YES;
				CLANG_WARN_NON_LITERAL_NULL_CONVERSION = YES;
				CLANG_WARN_OBJC_IMPLICIT_RETAIN_SELF = YES;
				CLANG_WARN_OBJC_LITERAL_CONVERSION = YES;
				CLANG_WARN_OBJC_ROOT_CLASS = YES_ERROR;
				CLANG_WARN_QUOTED_INCLUDE_IN_FRAMEWORK_HEADER = YES;
				CLANG_WARN_RANGE_LOOP_ANALYSIS = YES;
				CLANG_WARN_STRICT_PROTOTYPES = YES;
				CLANG_WARN_SUSPICIOUS_MOVE = YES;
				CLANG_WARN_UNGUARDED_AVAILABILITY = YES_AGGRESSIVE;
				CLANG_WARN_UNREACHABLE_CODE = YES;
				CLANG_WARN__DUPLICATE_METHOD_MATCH = YES;
				COPY_PHASE_STRIP = NO;
				DEBUG_INFORMATION_FORMAT = "dwarf-with-dsym";
				ENABLE_NS_ASSERTIONS = NO;
				ENABLE_STRICT_OBJC_MSGSEND = YES;
				ENABLE_USER_SCRIPT_SANDBOXING = YES;
				GCC_C_LANGUAGE_STANDARD = gnu17;
				GCC_NO_COMMON_BLOCKS = YES;
				GCC_WARN_64_TO_32_BIT_CONVERSION = YES;
				GCC_WARN_ABOUT_RETURN_TYPE = YES_ERROR;
				GCC_WARN_UNDECLARED_SELECTOR = YES;
				GCC_WARN_UNINITIALIZED_AUTOS = YES_AGGRESSIVE;
				GCC_WARN_UNUSED_FUNCTION = YES;
				GCC_WARN_UNUSED_VARIABLE = YES;
				IPHONEOS_DEPLOYMENT_TARGET = 17.5;
				LOCALIZATION_PREFERS_STRING_CATALOGS = YES;
				MTL_ENABLE_DEBUG_INFO = NO;
				MTL_FAST_MATH = YES;
				SDKROOT = iphoneos;
				SWIFT_COMPILATION_MODE = wholemodule;
				VALIDATE_PRODUCT = YES;
			};
			name = Release;
		};
		01134F032C29D00500C9F06D /* Debug */ = {
			isa = XCBuildConfiguration;
			buildSettings = {
				ASSETCATALOG_COMPILER_APPICON_NAME = AppIcon;
				ASSETCATALOG_COMPILER_GLOBAL_ACCENT_COLOR_NAME = AccentColor;
				CODE_SIGN_STYLE = Automatic;
				CURRENT_PROJECT_VERSION = 1;
				GENERATE_INFOPLIST_FILE = YES;
				INFOPLIST_FILE = Calculator/Info.plist;
				INFOPLIST_KEY_UIApplicationSupportsIndirectInputEvents = YES;
				INFOPLIST_KEY_UILaunchStoryboardName = LaunchScreen;
				INFOPLIST_KEY_UISupportedInterfaceOrientations_iPad = "UIInterfaceOrientationPortrait UIInterfaceOrientationPortraitUpsideDown UIInterfaceOrientationLandscapeLeft UIInterfaceOrientationLandscapeRight";
				INFOPLIST_KEY_UISupportedInterfaceOrientations_iPhone = UIInterfaceOrientationPortrait;
				LD_RUNPATH_SEARCH_PATHS = (
					"$(inherited)",
					"@executable_path/Frameworks",
				);
				MARKETING_VERSION = 1.0;
				PRODUCT_BUNDLE_IDENTIFIER = com.carlosyslas.Calculator;
				PRODUCT_NAME = "$(TARGET_NAME)";
				SWIFT_EMIT_LOC_STRINGS = YES;
				SWIFT_VERSION = 5.0;
				TARGETED_DEVICE_FAMILY = "1,2";
			};
			name = Debug;
		};
		01134F042C29D00500C9F06D /* Release */ = {
			isa = XCBuildConfiguration;
			buildSettings = {
				ASSETCATALOG_COMPILER_APPICON_NAME = AppIcon;
				ASSETCATALOG_COMPILER_GLOBAL_ACCENT_COLOR_NAME = AccentColor;
				CODE_SIGN_STYLE = Automatic;
				CURRENT_PROJECT_VERSION = 1;
				GENERATE_INFOPLIST_FILE = YES;
				INFOPLIST_FILE = Calculator/Info.plist;
				INFOPLIST_KEY_UIApplicationSupportsIndirectInputEvents = YES;
				INFOPLIST_KEY_UILaunchStoryboardName = LaunchScreen;
				INFOPLIST_KEY_UISupportedInterfaceOrientations_iPad = "UIInterfaceOrientationPortrait UIInterfaceOrientationPortraitUpsideDown UIInterfaceOrientationLandscapeLeft UIInterfaceOrientationLandscapeRight";
				INFOPLIST_KEY_UISupportedInterfaceOrientations_iPhone = UIInterfaceOrientationPortrait;
				LD_RUNPATH_SEARCH_PATHS = (
					"$(inherited)",
					"@executable_path/Frameworks",
				);
				MARKETING_VERSION = 1.0;
				PRODUCT_BUNDLE_IDENTIFIER = com.carlosyslas.Calculator;
				PRODUCT_NAME = "$(TARGET_NAME)";
				SWIFT_EMIT_LOC_STRINGS = YES;
				SWIFT_VERSION = 5.0;
				TARGETED_DEVICE_FAMILY = "1,2";
			};
			name = Release;
		};
		01134F062C29D00500C9F06D /* Debug */ = {
			isa = XCBuildConfiguration;
			buildSettings = {
				ALWAYS_EMBED_SWIFT_STANDARD_LIBRARIES = YES;
				BUNDLE_LOADER = "$(TEST_HOST)";
				CODE_SIGN_STYLE = Automatic;
				CURRENT_PROJECT_VERSION = 1;
				GENERATE_INFOPLIST_FILE = YES;
				IPHONEOS_DEPLOYMENT_TARGET = 17.5;
				MARKETING_VERSION = 1.0;
				PRODUCT_BUNDLE_IDENTIFIER = com.carlosyslas.CalculatorTests;
				PRODUCT_NAME = "$(TARGET_NAME)";
				SWIFT_EMIT_LOC_STRINGS = NO;
				SWIFT_VERSION = 5.0;
				TARGETED_DEVICE_FAMILY = "1,2";
				TEST_HOST = "$(BUILT_PRODUCTS_DIR)/Calculator.app/$(BUNDLE_EXECUTABLE_FOLDER_PATH)/Calculator";
			};
			name = Debug;
		};
		01134F072C29D00500C9F06D /* Release */ = {
			isa = XCBuildConfiguration;
			buildSettings = {
				ALWAYS_EMBED_SWIFT_STANDARD_LIBRARIES = YES;
				BUNDLE_LOADER = "$(TEST_HOST)";
				CODE_SIGN_STYLE = Automatic;
				CURRENT_PROJECT_VERSION = 1;
				GENERATE_INFOPLIST_FILE = YES;
				IPHONEOS_DEPLOYMENT_TARGET = 17.5;
				MARKETING_VERSION = 1.0;
				PRODUCT_BUNDLE_IDENTIFIER = com.carlosyslas.CalculatorTests;
				PRODUCT_NAME = "$(TARGET_NAME)";
				SWIFT_EMIT_LOC_STRINGS = NO;
				SWIFT_VERSION = 5.0;
				TARGETED_DEVICE_FAMILY = "1,2";
				TEST_HOST = "$(BUILT_PRODUCTS_DIR)/Calculator.app/$(BUNDLE_EXECUTABLE_FOLDER_PATH)/Calculator";
			};
			name = Release;
		};
		01134F092C29D00500C9F06D /* Debug */ = {
			isa = XCBuildConfiguration;
			buildSettings = {
				ALWAYS_EMBED_SWIFT_STANDARD_LIBRARIES = YES;
				CODE_SIGN_STYLE = Automatic;
				CURRENT_PROJECT_VERSION = 1;
				GENERATE_INFOPLIST_FILE = YES;
				MARKETING_VERSION = 1.0;
				PRODUCT_BUNDLE_IDENTIFIER = com.carlosyslas.CalculatorUITests;
				PRODUCT_NAME = "$(TARGET_NAME)";
				SWIFT_EMIT_LOC_STRINGS = NO;
				SWIFT_VERSION = 5.0;
				TARGETED_DEVICE_FAMILY = "1,2";
				TEST_TARGET_NAME = Calculator;
			};
			name = Debug;
		};
		01134F0A2C29D00500C9F06D /* Release */ = {
			isa = XCBuildConfiguration;
			buildSettings = {
				ALWAYS_EMBED_SWIFT_STANDARD_LIBRARIES = YES;
				CODE_SIGN_STYLE = Automatic;
				CURRENT_PROJECT_VERSION = 1;
				GENERATE_INFOPLIST_FILE = YES;
				MARKETING_VERSION = 1.0;
				PRODUCT_BUNDLE_IDENTIFIER = com.carlosyslas.CalculatorUITests;
				PRODUCT_NAME = "$(TARGET_NAME)";
				SWIFT_EMIT_LOC_STRINGS = NO;
				SWIFT_VERSION = 5.0;
				TARGETED_DEVICE_FAMILY = "1,2";
				TEST_TARGET_NAME = Calculator;
			};
			name = Release;
		};
/* End XCBuildConfiguration section */

/* Begin XCConfigurationList section */
		01134ED32C29D00400C9F06D /* Build configuration list for PBXProject "Calculator" */ = {
			isa = XCConfigurationList;
			buildConfigurations = (
				01134F002C29D00500C9F06D /* Debug */,
				01134F012C29D00500C9F06D /* Release */,
			);
			defaultConfigurationIsVisible = 0;
			defaultConfigurationName = Release;
		};
		01134F022C29D00500C9F06D /* Build configuration list for PBXNativeTarget "Calculator" */ = {
			isa = XCConfigurationList;
			buildConfigurations = (
				01134F032C29D00500C9F06D /* Debug */,
				01134F042C29D00500C9F06D /* Release */,
			);
			defaultConfigurationIsVisible = 0;
			defaultConfigurationName = Release;
		};
		01134F052C29D00500C9F06D /* Build configuration list for PBXNativeTarget "CalculatorTests" */ = {
			isa = XCConfigurationList;
			buildConfigurations = (
				01134F062C29D00500C9F06D /* Debug */,
				01134F072C29D00500C9F06D /* Release */,
			);
			defaultConfigurationIsVisible = 0;
			defaultConfigurationName = Release;
		};
		01134F082C29D00500C9F06D /* Build configuration list for PBXNativeTarget "CalculatorUITests" */ = {
			isa = XCConfigurationList;
			buildConfigurations = (
				01134F092C29D00500C9F06D /* Debug */,
				01134F0A2C29D00500C9F06D /* Release */,
			);
			defaultConfigurationIsVisible = 0;
			defaultConfigurationName = Release;
		};
/* End XCConfigurationList section */
	};
	rootObject = 01134ED02C29D00400C9F06D /* Project object */;
}
